
Microsoft Visual Studio Solution File, Format Version 12.00
# Visual Studio 15
VisualStudioVersion = 15.0.28307.421
MinimumVisualStudioVersion = 10.0.40219.1
Project("{888888A0-9F3D-457C-B088-3A5042F75D52}") = "Deep-Portfolio", "Deep-Portfolio.pyproj", "{659A7929-675D-49F4-B309-F0382C571CBE}"
EndProject
Global
	GlobalSection(SolutionConfigurationPlatforms) = preSolution
		Debug|Any CPU = Debug|Any CPU
		Release|Any CPU = Release|Any CPU
	EndGlobalSection
	GlobalSection(ProjectConfigurationPlatforms) = postSolution
		{659A7929-675D-49F4-B309-F0382C571CBE}.Debug|Any CPU.ActiveCfg = Debug|Any CPU
		{659A7929-675D-49F4-B309-F0382C571CBE}.Release|Any CPU.ActiveCfg = Release|Any CPU
	EndGlobalSection
	GlobalSection(SolutionProperties) = preSolution
		HideSolutionNode = FALSE
	EndGlobalSection
	GlobalSection(ExtensibilityGlobals) = postSolution
		SolutionGuid = {EEF995F6-77E0-4FDD-A2A5-8E2A0956891E}
	EndGlobalSection
EndGlobal
